// !$*UTF8*$!
{
	archiveVersion = 1;
	classes = {
	};
	objectVersion = 46;
	objects = {

/* Begin PBXBuildFile section */
		48F4D7116C875F2E2E63787C /* Pods_swift_templateUITests.framework in Frameworks */ = {isa = PBXBuildFile; fileRef = 289673A83A2A522A5F2DAF78 /* Pods_swift_templateUITests.framework */; };
		8193B378B8BB289035B90D2F /* Pods_swift_template.framework in Frameworks */ = {isa = PBXBuildFile; fileRef = F817C2897A02E0299996931C /* Pods_swift_template.framework */; };
		E3815F0B1EA06525003E6BB7 /* AppDelegate.swift in Sources */ = {isa = PBXBuildFile; fileRef = E3815F0A1EA06525003E6BB7 /* AppDelegate.swift */; };
		E3815F0D1EA06525003E6BB7 /* ViewController.swift in Sources */ = {isa = PBXBuildFile; fileRef = E3815F0C1EA06525003E6BB7 /* ViewController.swift */; };
		E3815F101EA06525003E6BB7 /* Main.storyboard in Resources */ = {isa = PBXBuildFile; fileRef = E3815F0E1EA06525003E6BB7 /* Main.storyboard */; };
		E3815F131EA06525003E6BB7 /* swift_template.xcdatamodeld in Sources */ = {isa = PBXBuildFile; fileRef = E3815F111EA06525003E6BB7 /* swift_template.xcdatamodeld */; };
		E3815F151EA06525003E6BB7 /* Assets.xcassets in Resources */ = {isa = PBXBuildFile; fileRef = E3815F141EA06525003E6BB7 /* Assets.xcassets */; };
		E3815F181EA06525003E6BB7 /* LaunchScreen.storyboard in Resources */ = {isa = PBXBuildFile; fileRef = E3815F161EA06525003E6BB7 /* LaunchScreen.storyboard */; };
		E3815F231EA06525003E6BB7 /* swift_templateTests.swift in Sources */ = {isa = PBXBuildFile; fileRef = E3815F221EA06525003E6BB7 /* swift_templateTests.swift */; };
		E3815F2E1EA06525003E6BB7 /* swift_templateUITests.swift in Sources */ = {isa = PBXBuildFile; fileRef = E3815F2D1EA06525003E6BB7 /* swift_templateUITests.swift */; };
		EBED419C578C53E9664EE2E6 /* Pods_swift_templateTests.framework in Frameworks */ = {isa = PBXBuildFile; fileRef = 47806B9EC93C6A926342D7EC /* Pods_swift_templateTests.framework */; };
/* End PBXBuildFile section */

/* Begin PBXContainerItemProxy section */
		E3815F1F1EA06525003E6BB7 /* PBXContainerItemProxy */ = {
			isa = PBXContainerItemProxy;
			containerPortal = E3815EFF1EA06525003E6BB7 /* Project object */;
			proxyType = 1;
			remoteGlobalIDString = E3815F061EA06525003E6BB7;
			remoteInfo = "swift-template";
		};
		E3815F2A1EA06525003E6BB7 /* PBXContainerItemProxy */ = {
			isa = PBXContainerItemProxy;
			containerPortal = E3815EFF1EA06525003E6BB7 /* Project object */;
			proxyType = 1;
			remoteGlobalIDString = E3815F061EA06525003E6BB7;
			remoteInfo = "swift-template";
		};
/* End PBXContainerItemProxy section */

/* Begin PBXFileReference section */
		289673A83A2A522A5F2DAF78 /* Pods_swift_templateUITests.framework */ = {isa = PBXFileReference; explicitFileType = wrapper.framework; includeInIndex = 0; path = Pods_swift_templateUITests.framework; sourceTree = BUILT_PRODUCTS_DIR; };
		419122F4056D8B1A825DD719 /* Pods-swift-template.debug.xcconfig */ = {isa = PBXFileReference; includeInIndex = 1; lastKnownFileType = text.xcconfig; name = "Pods-swift-template.debug.xcconfig"; path = "Pods/Target Support Files/Pods-swift-template/Pods-swift-template.debug.xcconfig"; sourceTree = "<group>"; };
		41B1F2988A3DC5D8A7406215 /* Pods-swift-templateUITests.release.xcconfig */ = {isa = PBXFileReference; includeInIndex = 1; lastKnownFileType = text.xcconfig; name = "Pods-swift-templateUITests.release.xcconfig"; path = "Pods/Target Support Files/Pods-swift-templateUITests/Pods-swift-templateUITests.release.xcconfig"; sourceTree = "<group>"; };
		47806B9EC93C6A926342D7EC /* Pods_swift_templateTests.framework */ = {isa = PBXFileReference; explicitFileType = wrapper.framework; includeInIndex = 0; path = Pods_swift_templateTests.framework; sourceTree = BUILT_PRODUCTS_DIR; };
		66E8F569577ED18A9FBDAE7A /* Pods-swift-templateTests.debug.xcconfig */ = {isa = PBXFileReference; includeInIndex = 1; lastKnownFileType = text.xcconfig; name = "Pods-swift-templateTests.debug.xcconfig"; path = "Pods/Target Support Files/Pods-swift-templateTests/Pods-swift-templateTests.debug.xcconfig"; sourceTree = "<group>"; };
		DD325420356B8FDF15E004B8 /* Pods-swift-template.release.xcconfig */ = {isa = PBXFileReference; includeInIndex = 1; lastKnownFileType = text.xcconfig; name = "Pods-swift-template.release.xcconfig"; path = "Pods/Target Support Files/Pods-swift-template/Pods-swift-template.release.xcconfig"; sourceTree = "<group>"; };
		E3815F071EA06525003E6BB7 /* swift-template.app */ = {isa = PBXFileReference; explicitFileType = wrapper.application; includeInIndex = 0; path = "swift-template.app"; sourceTree = BUILT_PRODUCTS_DIR; };
		E3815F0A1EA06525003E6BB7 /* AppDelegate.swift */ = {isa = PBXFileReference; lastKnownFileType = sourcecode.swift; path = AppDelegate.swift; sourceTree = "<group>"; };
		E3815F0C1EA06525003E6BB7 /* ViewController.swift */ = {isa = PBXFileReference; lastKnownFileType = sourcecode.swift; path = ViewController.swift; sourceTree = "<group>"; };
		E3815F0F1EA06525003E6BB7 /* Base */ = {isa = PBXFileReference; lastKnownFileType = file.storyboard; name = Base; path = Base.lproj/Main.storyboard; sourceTree = "<group>"; };
		E3815F121EA06525003E6BB7 /* swift_template.xcdatamodel */ = {isa = PBXFileReference; lastKnownFileType = wrapper.xcdatamodel; path = swift_template.xcdatamodel; sourceTree = "<group>"; };
		E3815F141EA06525003E6BB7 /* Assets.xcassets */ = {isa = PBXFileReference; lastKnownFileType = folder.assetcatalog; path = Assets.xcassets; sourceTree = "<group>"; };
		E3815F171EA06525003E6BB7 /* Base */ = {isa = PBXFileReference; lastKnownFileType = file.storyboard; name = Base; path = Base.lproj/LaunchScreen.storyboard; sourceTree = "<group>"; };
		E3815F191EA06525003E6BB7 /* Info.plist */ = {isa = PBXFileReference; lastKnownFileType = text.plist.xml; path = Info.plist; sourceTree = "<group>"; };
		E3815F1E1EA06525003E6BB7 /* swift-templateTests.xctest */ = {isa = PBXFileReference; explicitFileType = wrapper.cfbundle; includeInIndex = 0; path = "swift-templateTests.xctest"; sourceTree = BUILT_PRODUCTS_DIR; };
		E3815F221EA06525003E6BB7 /* swift_templateTests.swift */ = {isa = PBXFileReference; lastKnownFileType = sourcecode.swift; path = swift_templateTests.swift; sourceTree = "<group>"; };
		E3815F241EA06525003E6BB7 /* Info.plist */ = {isa = PBXFileReference; lastKnownFileType = text.plist.xml; path = Info.plist; sourceTree = "<group>"; };
		E3815F291EA06525003E6BB7 /* swift-templateUITests.xctest */ = {isa = PBXFileReference; explicitFileType = wrapper.cfbundle; includeInIndex = 0; path = "swift-templateUITests.xctest"; sourceTree = BUILT_PRODUCTS_DIR; };
		E3815F2D1EA06525003E6BB7 /* swift_templateUITests.swift */ = {isa = PBXFileReference; lastKnownFileType = sourcecode.swift; path = swift_templateUITests.swift; sourceTree = "<group>"; };
		E3815F2F1EA06525003E6BB7 /* Info.plist */ = {isa = PBXFileReference; lastKnownFileType = text.plist.xml; path = Info.plist; sourceTree = "<group>"; };
		E3CCE167CB47125208392793 /* Pods-swift-templateTests.release.xcconfig */ = {isa = PBXFileReference; includeInIndex = 1; lastKnownFileType = text.xcconfig; name = "Pods-swift-templateTests.release.xcconfig"; path = "Pods/Target Support Files/Pods-swift-templateTests/Pods-swift-templateTests.release.xcconfig"; sourceTree = "<group>"; };
		F3E363D720F3923D20DE9CA9 /* Pods-swift-templateUITests.debug.xcconfig */ = {isa = PBXFileReference; includeInIndex = 1; lastKnownFileType = text.xcconfig; name = "Pods-swift-templateUITests.debug.xcconfig"; path = "Pods/Target Support Files/Pods-swift-templateUITests/Pods-swift-templateUITests.debug.xcconfig"; sourceTree = "<group>"; };
		F817C2897A02E0299996931C /* Pods_swift_template.framework */ = {isa = PBXFileReference; explicitFileType = wrapper.framework; includeInIndex = 0; path = Pods_swift_template.framework; sourceTree = BUILT_PRODUCTS_DIR; };
/* End PBXFileReference section */

/* Begin PBXFrameworksBuildPhase section */
		E3815F041EA06525003E6BB7 /* Frameworks */ = {
			isa = PBXFrameworksBuildPhase;
			buildActionMask = 2147483647;
			files = (
				8193B378B8BB289035B90D2F /* Pods_swift_template.framework in Frameworks */,
			);
			runOnlyForDeploymentPostprocessing = 0;
		};
		E3815F1B1EA06525003E6BB7 /* Frameworks */ = {
			isa = PBXFrameworksBuildPhase;
			buildActionMask = 2147483647;
			files = (
				EBED419C578C53E9664EE2E6 /* Pods_swift_templateTests.framework in Frameworks */,
			);
			runOnlyForDeploymentPostprocessing = 0;
		};
		E3815F261EA06525003E6BB7 /* Frameworks */ = {
			isa = PBXFrameworksBuildPhase;
			buildActionMask = 2147483647;
			files = (
				48F4D7116C875F2E2E63787C /* Pods_swift_templateUITests.framework in Frameworks */,
			);
			runOnlyForDeploymentPostprocessing = 0;
		};
/* End PBXFrameworksBuildPhase section */

/* Begin PBXGroup section */
		78985C04EDBEF333E1CA1E66 /* Frameworks */ = {
			isa = PBXGroup;
			children = (
				F817C2897A02E0299996931C /* Pods_swift_template.framework */,
				47806B9EC93C6A926342D7EC /* Pods_swift_templateTests.framework */,
				289673A83A2A522A5F2DAF78 /* Pods_swift_templateUITests.framework */,
			);
			name = Frameworks;
			sourceTree = "<group>";
		};
		93791AD9FD6300424D65533D /* Pods */ = {
			isa = PBXGroup;
			children = (
				419122F4056D8B1A825DD719 /* Pods-swift-template.debug.xcconfig */,
				DD325420356B8FDF15E004B8 /* Pods-swift-template.release.xcconfig */,
				66E8F569577ED18A9FBDAE7A /* Pods-swift-templateTests.debug.xcconfig */,
				E3CCE167CB47125208392793 /* Pods-swift-templateTests.release.xcconfig */,
				F3E363D720F3923D20DE9CA9 /* Pods-swift-templateUITests.debug.xcconfig */,
				41B1F2988A3DC5D8A7406215 /* Pods-swift-templateUITests.release.xcconfig */,
			);
			name = Pods;
			sourceTree = "<group>";
		};
		E3815EFE1EA06525003E6BB7 = {
			isa = PBXGroup;
			children = (
				E3815F091EA06525003E6BB7 /* swift-template */,
				E3815F211EA06525003E6BB7 /* swift-templateTests */,
				E3815F2C1EA06525003E6BB7 /* swift-templateUITests */,
				E3815F081EA06525003E6BB7 /* Products */,
				93791AD9FD6300424D65533D /* Pods */,
				78985C04EDBEF333E1CA1E66 /* Frameworks */,
			);
			sourceTree = "<group>";
		};
		E3815F081EA06525003E6BB7 /* Products */ = {
			isa = PBXGroup;
			children = (
				E3815F071EA06525003E6BB7 /* swift-template.app */,
				E3815F1E1EA06525003E6BB7 /* swift-templateTests.xctest */,
				E3815F291EA06525003E6BB7 /* swift-templateUITests.xctest */,
			);
			name = Products;
			sourceTree = "<group>";
		};
		E3815F091EA06525003E6BB7 /* swift-template */ = {
			isa = PBXGroup;
			children = (
				E3815F0A1EA06525003E6BB7 /* AppDelegate.swift */,
				E3815F0C1EA06525003E6BB7 /* ViewController.swift */,
				E3815F0E1EA06525003E6BB7 /* Main.storyboard */,
				E3815F141EA06525003E6BB7 /* Assets.xcassets */,
				E3815F161EA06525003E6BB7 /* LaunchScreen.storyboard */,
				E3815F191EA06525003E6BB7 /* Info.plist */,
				E3815F111EA06525003E6BB7 /* swift_template.xcdatamodeld */,
			);
			path = "swift-template";
			sourceTree = "<group>";
		};
		E3815F211EA06525003E6BB7 /* swift-templateTests */ = {
			isa = PBXGroup;
			children = (
				E3815F221EA06525003E6BB7 /* swift_templateTests.swift */,
				E3815F241EA06525003E6BB7 /* Info.plist */,
			);
			path = "swift-templateTests";
			sourceTree = "<group>";
		};
		E3815F2C1EA06525003E6BB7 /* swift-templateUITests */ = {
			isa = PBXGroup;
			children = (
				E3815F2D1EA06525003E6BB7 /* swift_templateUITests.swift */,
				E3815F2F1EA06525003E6BB7 /* Info.plist */,
			);
			path = "swift-templateUITests";
			sourceTree = "<group>";
		};
/* End PBXGroup section */

/* Begin PBXNativeTarget section */
		E3815F061EA06525003E6BB7 /* swift-template */ = {
			isa = PBXNativeTarget;
			buildConfigurationList = E3815F321EA06525003E6BB7 /* Build configuration list for PBXNativeTarget "swift-template" */;
			buildPhases = (
				E58FBAC5587EABDED1DB75D7 /* [CP] Check Pods Manifest.lock */,
				E3815F031EA06525003E6BB7 /* Sources */,
				E3815F041EA06525003E6BB7 /* Frameworks */,
				E3815F051EA06525003E6BB7 /* Resources */,
				60981D56CA179211CC042C72 /* [CP] Embed Pods Frameworks */,
				6DE07435F335AE5367159C6F /* [CP] Copy Pods Resources */,
			);
			buildRules = (
			);
			dependencies = (
			);
			name = "swift-template";
			productName = "swift-template";
			productReference = E3815F071EA06525003E6BB7 /* swift-template.app */;
			productType = "com.apple.product-type.application";
		};
		E3815F1D1EA06525003E6BB7 /* swift-templateTests */ = {
			isa = PBXNativeTarget;
			buildConfigurationList = E3815F351EA06525003E6BB7 /* Build configuration list for PBXNativeTarget "swift-templateTests" */;
			buildPhases = (
				4D178A08D1F09FFA286CE811 /* [CP] Check Pods Manifest.lock */,
				E3815F1A1EA06525003E6BB7 /* Sources */,
				E3815F1B1EA06525003E6BB7 /* Frameworks */,
				E3815F1C1EA06525003E6BB7 /* Resources */,
				EDD0CE410AA17E9A8181466C /* [CP] Embed Pods Frameworks */,
				83B33B36AF0C437C147878D6 /* [CP] Copy Pods Resources */,
			);
			buildRules = (
			);
			dependencies = (
				E3815F201EA06525003E6BB7 /* PBXTargetDependency */,
			);
			name = "swift-templateTests";
			productName = "swift-templateTests";
			productReference = E3815F1E1EA06525003E6BB7 /* swift-templateTests.xctest */;
			productType = "com.apple.product-type.bundle.unit-test";
		};
		E3815F281EA06525003E6BB7 /* swift-templateUITests */ = {
			isa = PBXNativeTarget;
			buildConfigurationList = E3815F381EA06525003E6BB7 /* Build configuration list for PBXNativeTarget "swift-templateUITests" */;
			buildPhases = (
				211EDD7BAF42D6DD553BFCBC /* [CP] Check Pods Manifest.lock */,
				E3815F251EA06525003E6BB7 /* Sources */,
				E3815F261EA06525003E6BB7 /* Frameworks */,
				E3815F271EA06525003E6BB7 /* Resources */,
				7018CA14009F4FBEA541B2D4 /* [CP] Embed Pods Frameworks */,
				997D0FD114905441AA30F40B /* [CP] Copy Pods Resources */,
			);
			buildRules = (
			);
			dependencies = (
				E3815F2B1EA06525003E6BB7 /* PBXTargetDependency */,
			);
			name = "swift-templateUITests";
			productName = "swift-templateUITests";
			productReference = E3815F291EA06525003E6BB7 /* swift-templateUITests.xctest */;
			productType = "com.apple.product-type.bundle.ui-testing";
		};
/* End PBXNativeTarget section */

/* Begin PBXProject section */
		E3815EFF1EA06525003E6BB7 /* Project object */ = {
			isa = PBXProject;
			attributes = {
				LastSwiftUpdateCheck = 0830;
				LastUpgradeCheck = 0830;
				ORGANIZATIONNAME = tyfoo;
				TargetAttributes = {
					E3815F061EA06525003E6BB7 = {
						CreatedOnToolsVersion = 8.3;
						DevelopmentTeam = 5ZAKMBTJ2P;
						ProvisioningStyle = Automatic;
					};
					E3815F1D1EA06525003E6BB7 = {
						CreatedOnToolsVersion = 8.3;
						DevelopmentTeam = 5ZAKMBTJ2P;
						ProvisioningStyle = Automatic;
						TestTargetID = E3815F061EA06525003E6BB7;
					};
					E3815F281EA06525003E6BB7 = {
						CreatedOnToolsVersion = 8.3;
						DevelopmentTeam = 5ZAKMBTJ2P;
						ProvisioningStyle = Automatic;
						TestTargetID = E3815F061EA06525003E6BB7;
					};
				};
			};
			buildConfigurationList = E3815F021EA06525003E6BB7 /* Build configuration list for PBXProject "swift-template" */;
			compatibilityVersion = "Xcode 3.2";
			developmentRegion = English;
			hasScannedForEncodings = 0;
			knownRegions = (
				en,
				Base,
			);
			mainGroup = E3815EFE1EA06525003E6BB7;
			productRefGroup = E3815F081EA06525003E6BB7 /* Products */;
			projectDirPath = "";
			projectRoot = "";
			targets = (
				E3815F061EA06525003E6BB7 /* swift-template */,
				E3815F1D1EA06525003E6BB7 /* swift-templateTests */,
				E3815F281EA06525003E6BB7 /* swift-templateUITests */,
			);
		};
/* End PBXProject section */

/* Begin PBXResourcesBuildPhase section */
		E3815F051EA06525003E6BB7 /* Resources */ = {
			isa = PBXResourcesBuildPhase;
			buildActionMask = 2147483647;
			files = (
				E3815F181EA06525003E6BB7 /* LaunchScreen.storyboard in Resources */,
				E3815F151EA06525003E6BB7 /* Assets.xcassets in Resources */,
				E3815F101EA06525003E6BB7 /* Main.storyboard in Resources */,
			);
			runOnlyForDeploymentPostprocessing = 0;
		};
		E3815F1C1EA06525003E6BB7 /* Resources */ = {
			isa = PBXResourcesBuildPhase;
			buildActionMask = 2147483647;
			files = (
			);
			runOnlyForDeploymentPostprocessing = 0;
		};
		E3815F271EA06525003E6BB7 /* Resources */ = {
			isa = PBXResourcesBuildPhase;
			buildActionMask = 2147483647;
			files = (
			);
			runOnlyForDeploymentPostprocessing = 0;
		};
/* End PBXResourcesBuildPhase section */

/* Begin PBXShellScriptBuildPhase section */
		211EDD7BAF42D6DD553BFCBC /* [CP] Check Pods Manifest.lock */ = {
			isa = PBXShellScriptBuildPhase;
			buildActionMask = 2147483647;
			files = (
			);
			inputPaths = (
			);
			name = "[CP] Check Pods Manifest.lock";
			outputPaths = (
			);
			runOnlyForDeploymentPostprocessing = 0;
			shellPath = /bin/sh;
			shellScript = "diff \"${PODS_ROOT}/../Podfile.lock\" \"${PODS_ROOT}/Manifest.lock\" > /dev/null\nif [ $? != 0 ] ; then\n    # print error to STDERR\n    echo \"error: The sandbox is not in sync with the Podfile.lock. Run 'pod install' or update your CocoaPods installation.\" >&2\n    exit 1\nfi\n";
			showEnvVarsInLog = 0;
		};
		4D178A08D1F09FFA286CE811 /* [CP] Check Pods Manifest.lock */ = {
			isa = PBXShellScriptBuildPhase;
			buildActionMask = 2147483647;
			files = (
			);
			inputPaths = (
			);
			name = "[CP] Check Pods Manifest.lock";
			outputPaths = (
			);
			runOnlyForDeploymentPostprocessing = 0;
			shellPath = /bin/sh;
			shellScript = "diff \"${PODS_ROOT}/../Podfile.lock\" \"${PODS_ROOT}/Manifest.lock\" > /dev/null\nif [ $? != 0 ] ; then\n    # print error to STDERR\n    echo \"error: The sandbox is not in sync with the Podfile.lock. Run 'pod install' or update your CocoaPods installation.\" >&2\n    exit 1\nfi\n";
			showEnvVarsInLog = 0;
		};
		60981D56CA179211CC042C72 /* [CP] Embed Pods Frameworks */ = {
			isa = PBXShellScriptBuildPhase;
			buildActionMask = 2147483647;
			files = (
			);
			inputPaths = (
			);
			name = "[CP] Embed Pods Frameworks";
			outputPaths = (
			);
			runOnlyForDeploymentPostprocessing = 0;
			shellPath = /bin/sh;
			shellScript = "\"${SRCROOT}/Pods/Target Support Files/Pods-swift-template/Pods-swift-template-frameworks.sh\"\n";
			showEnvVarsInLog = 0;
		};
		6DE07435F335AE5367159C6F /* [CP] Copy Pods Resources */ = {
			isa = PBXShellScriptBuildPhase;
			buildActionMask = 2147483647;
			files = (
			);
			inputPaths = (
			);
			name = "[CP] Copy Pods Resources";
			outputPaths = (
			);
			runOnlyForDeploymentPostprocessing = 0;
			shellPath = /bin/sh;
			shellScript = "\"${SRCROOT}/Pods/Target Support Files/Pods-swift-template/Pods-swift-template-resources.sh\"\n";
			showEnvVarsInLog = 0;
		};
		7018CA14009F4FBEA541B2D4 /* [CP] Embed Pods Frameworks */ = {
			isa = PBXShellScriptBuildPhase;
			buildActionMask = 2147483647;
			files = (
			);
			inputPaths = (
			);
			name = "[CP] Embed Pods Frameworks";
			outputPaths = (
			);
			runOnlyForDeploymentPostprocessing = 0;
			shellPath = /bin/sh;
			shellScript = "\"${SRCROOT}/Pods/Target Support Files/Pods-swift-templateUITests/Pods-swift-templateUITests-frameworks.sh\"\n";
			showEnvVarsInLog = 0;
		};
		83B33B36AF0C437C147878D6 /* [CP] Copy Pods Resources */ = {
			isa = PBXShellScriptBuildPhase;
			buildActionMask = 2147483647;
			files = (
			);
			inputPaths = (
			);
			name = "[CP] Copy Pods Resources";
			outputPaths = (
			);
			runOnlyForDeploymentPostprocessing = 0;
			shellPath = /bin/sh;
			shellScript = "\"${SRCROOT}/Pods/Target Support Files/Pods-swift-templateTests/Pods-swift-templateTests-resources.sh\"\n";
			showEnvVarsInLog = 0;
		};
		997D0FD114905441AA30F40B /* [CP] Copy Pods Resources */ = {
			isa = PBXShellScriptBuildPhase;
			buildActionMask = 2147483647;
			files = (
			);
			inputPaths = (
			);
			name = "[CP] Copy Pods Resources";
			outputPaths = (
			);
			runOnlyForDeploymentPostprocessing = 0;
			shellPath = /bin/sh;
			shellScript = "\"${SRCROOT}/Pods/Target Support Files/Pods-swift-templateUITests/Pods-swift-templateUITests-resources.sh\"\n";
			showEnvVarsInLog = 0;
		};
		E58FBAC5587EABDED1DB75D7 /* [CP] Check Pods Manifest.lock */ = {
			isa = PBXShellScriptBuildPhase;
			buildActionMask = 2147483647;
			files = (
			);
			inputPaths = (
			);
			name = "[CP] Check Pods Manifest.lock";
			outputPaths = (
			);
			runOnlyForDeploymentPostprocessing = 0;
			shellPath = /bin/sh;
			shellScript = "diff \"${PODS_ROOT}/../Podfile.lock\" \"${PODS_ROOT}/Manifest.lock\" > /dev/null\nif [ $? != 0 ] ; then\n    # print error to STDERR\n    echo \"error: The sandbox is not in sync with the Podfile.lock. Run 'pod install' or update your CocoaPods installation.\" >&2\n    exit 1\nfi\n";
			showEnvVarsInLog = 0;
		};
		EDD0CE410AA17E9A8181466C /* [CP] Embed Pods Frameworks */ = {
			isa = PBXShellScriptBuildPhase;
			buildActionMask = 2147483647;
			files = (
			);
			inputPaths = (
			);
			name = "[CP] Embed Pods Frameworks";
			outputPaths = (
			);
			runOnlyForDeploymentPostprocessing = 0;
			shellPath = /bin/sh;
			shellScript = "\"${SRCROOT}/Pods/Target Support Files/Pods-swift-templateTests/Pods-swift-templateTests-frameworks.sh\"\n";
			showEnvVarsInLog = 0;
		};
/* End PBXShellScriptBuildPhase section */

/* Begin PBXSourcesBuildPhase section */
		E3815F031EA06525003E6BB7 /* Sources */ = {
			isa = PBXSourcesBuildPhase;
			buildActionMask = 2147483647;
			files = (
				E3815F0D1EA06525003E6BB7 /* ViewController.swift in Sources */,
				E3815F131EA06525003E6BB7 /* swift_template.xcdatamodeld in Sources */,
				E3815F0B1EA06525003E6BB7 /* AppDelegate.swift in Sources */,
			);
			runOnlyForDeploymentPostprocessing = 0;
		};
		E3815F1A1EA06525003E6BB7 /* Sources */ = {
			isa = PBXSourcesBuildPhase;
			buildActionMask = 2147483647;
			files = (
				E3815F231EA06525003E6BB7 /* swift_templateTests.swift in Sources */,
			);
			runOnlyForDeploymentPostprocessing = 0;
		};
		E3815F251EA06525003E6BB7 /* Sources */ = {
			isa = PBXSourcesBuildPhase;
			buildActionMask = 2147483647;
			files = (
				E3815F2E1EA06525003E6BB7 /* swift_templateUITests.swift in Sources */,
			);
			runOnlyForDeploymentPostprocessing = 0;
		};
/* End PBXSourcesBuildPhase section */

/* Begin PBXTargetDependency section */
		E3815F201EA06525003E6BB7 /* PBXTargetDependency */ = {
			isa = PBXTargetDependency;
			target = E3815F061EA06525003E6BB7 /* swift-template */;
			targetProxy = E3815F1F1EA06525003E6BB7 /* PBXContainerItemProxy */;
		};
		E3815F2B1EA06525003E6BB7 /* PBXTargetDependency */ = {
			isa = PBXTargetDependency;
			target = E3815F061EA06525003E6BB7 /* swift-template */;
			targetProxy = E3815F2A1EA06525003E6BB7 /* PBXContainerItemProxy */;
		};
/* End PBXTargetDependency section */

/* Begin PBXVariantGroup section */
		E3815F0E1EA06525003E6BB7 /* Main.storyboard */ = {
			isa = PBXVariantGroup;
			children = (
				E3815F0F1EA06525003E6BB7 /* Base */,
			);
			name = Main.storyboard;
			sourceTree = "<group>";
		};
		E3815F161EA06525003E6BB7 /* LaunchScreen.storyboard */ = {
			isa = PBXVariantGroup;
			children = (
				E3815F171EA06525003E6BB7 /* Base */,
			);
			name = LaunchScreen.storyboard;
			sourceTree = "<group>";
		};
/* End PBXVariantGroup section */

/* Begin XCBuildConfiguration section */
		E3815F301EA06525003E6BB7 /* Debug */ = {
			isa = XCBuildConfiguration;
			buildSettings = {
				ALWAYS_SEARCH_USER_PATHS = NO;
				CLANG_ANALYZER_NONNULL = YES;
				CLANG_ANALYZER_NUMBER_OBJECT_CONVERSION = YES_AGGRESSIVE;
				CLANG_CXX_LANGUAGE_STANDARD = "gnu++0x";
				CLANG_CXX_LIBRARY = "libc++";
				CLANG_ENABLE_MODULES = YES;
				CLANG_ENABLE_OBJC_ARC = YES;
				CLANG_WARN_BOOL_CONVERSION = YES;
				CLANG_WARN_CONSTANT_CONVERSION = YES;
				CLANG_WARN_DIRECT_OBJC_ISA_USAGE = YES_ERROR;
				CLANG_WARN_DOCUMENTATION_COMMENTS = YES;
				CLANG_WARN_EMPTY_BODY = YES;
				CLANG_WARN_ENUM_CONVERSION = YES;
				CLANG_WARN_INFINITE_RECURSION = YES;
				CLANG_WARN_INT_CONVERSION = YES;
				CLANG_WARN_OBJC_ROOT_CLASS = YES_ERROR;
				CLANG_WARN_SUSPICIOUS_MOVE = YES;
				CLANG_WARN_UNREACHABLE_CODE = YES;
				CLANG_WARN__DUPLICATE_METHOD_MATCH = YES;
				"CODE_SIGN_IDENTITY[sdk=iphoneos*]" = "iPhone Developer";
				COPY_PHASE_STRIP = NO;
				DEBUG_INFORMATION_FORMAT = dwarf;
				ENABLE_STRICT_OBJC_MSGSEND = YES;
				ENABLE_TESTABILITY = YES;
				GCC_C_LANGUAGE_STANDARD = gnu99;
				GCC_DYNAMIC_NO_PIC = NO;
				GCC_NO_COMMON_BLOCKS = YES;
				GCC_OPTIMIZATION_LEVEL = 0;
				GCC_PREPROCESSOR_DEFINITIONS = (
					"DEBUG=1",
					"$(inherited)",
				);
				GCC_WARN_64_TO_32_BIT_CONVERSION = YES;
				GCC_WARN_ABOUT_RETURN_TYPE = YES_ERROR;
				GCC_WARN_UNDECLARED_SELECTOR = YES;
				GCC_WARN_UNINITIALIZED_AUTOS = YES_AGGRESSIVE;
				GCC_WARN_UNUSED_FUNCTION = YES;
				GCC_WARN_UNUSED_VARIABLE = YES;
				IPHONEOS_DEPLOYMENT_TARGET = 10.3;
				MTL_ENABLE_DEBUG_INFO = YES;
				ONLY_ACTIVE_ARCH = YES;
				SDKROOT = iphoneos;
				SWIFT_ACTIVE_COMPILATION_CONDITIONS = DEBUG;
				SWIFT_OPTIMIZATION_LEVEL = "-Onone";
			};
			name = Debug;
		};
		E3815F311EA06525003E6BB7 /* Release */ = {
			isa = XCBuildConfiguration;
			buildSettings = {
				ALWAYS_SEARCH_USER_PATHS = NO;
				CLANG_ANALYZER_NONNULL = YES;
				CLANG_ANALYZER_NUMBER_OBJECT_CONVERSION = YES_AGGRESSIVE;
				CLANG_CXX_LANGUAGE_STANDARD = "gnu++0x";
				CLANG_CXX_LIBRARY = "libc++";
				CLANG_ENABLE_MODULES = YES;
				CLANG_ENABLE_OBJC_ARC = YES;
				CLANG_WARN_BOOL_CONVERSION = YES;
				CLANG_WARN_CONSTANT_CONVERSION = YES;
				CLANG_WARN_DIRECT_OBJC_ISA_USAGE = YES_ERROR;
				CLANG_WARN_DOCUMENTATION_COMMENTS = YES;
				CLANG_WARN_EMPTY_BODY = YES;
				CLANG_WARN_ENUM_CONVERSION = YES;
				CLANG_WARN_INFINITE_RECURSION = YES;
				CLANG_WARN_INT_CONVERSION = YES;
				CLANG_WARN_OBJC_ROOT_CLASS = YES_ERROR;
				CLANG_WARN_SUSPICIOUS_MOVE = YES;
				CLANG_WARN_UNREACHABLE_CODE = YES;
				CLANG_WARN__DUPLICATE_METHOD_MATCH = YES;
				"CODE_SIGN_IDENTITY[sdk=iphoneos*]" = "iPhone Developer";
				COPY_PHASE_STRIP = NO;
				DEBUG_INFORMATION_FORMAT = "dwarf-with-dsym";
				ENABLE_NS_ASSERTIONS = NO;
				ENABLE_STRICT_OBJC_MSGSEND = YES;
				GCC_C_LANGUAGE_STANDARD = gnu99;
				GCC_NO_COMMON_BLOCKS = YES;
				GCC_WARN_64_TO_32_BIT_CONVERSION = YES;
				GCC_WARN_ABOUT_RETURN_TYPE = YES_ERROR;
				GCC_WARN_UNDECLARED_SELECTOR = YES;
				GCC_WARN_UNINITIALIZED_AUTOS = YES_AGGRESSIVE;
				GCC_WARN_UNUSED_FUNCTION = YES;
				GCC_WARN_UNUSED_VARIABLE = YES;
				IPHONEOS_DEPLOYMENT_TARGET = 10.3;
				MTL_ENABLE_DEBUG_INFO = NO;
				SDKROOT = iphoneos;
				SWIFT_OPTIMIZATION_LEVEL = "-Owholemodule";
				VALIDATE_PRODUCT = YES;
			};
			name = Release;
		};
		E3815F331EA06525003E6BB7 /* Debug */ = {
			isa = XCBuildConfiguration;
			baseConfigurationReference = 419122F4056D8B1A825DD719 /* Pods-swift-template.debug.xcconfig */;
			buildSettings = {
				ASSETCATALOG_COMPILER_APPICON_NAME = AppIcon;
				DEVELOPMENT_TEAM = 5ZAKMBTJ2P;
				INFOPLIST_FILE = "swift-template/Info.plist";
				LD_RUNPATH_SEARCH_PATHS = "$(inherited) @executable_path/Frameworks";
				PRODUCT_BUNDLE_IDENTIFIER = "com.laputa.swift-template";
				PRODUCT_NAME = "$(TARGET_NAME)";
				SWIFT_VERSION = 3.0;
			};
			name = Debug;
		};
		E3815F341EA06525003E6BB7 /* Release */ = {
			isa = XCBuildConfiguration;
			baseConfigurationReference = DD325420356B8FDF15E004B8 /* Pods-swift-template.release.xcconfig */;
			buildSettings = {
				ASSETCATALOG_COMPILER_APPICON_NAME = AppIcon;
				DEVELOPMENT_TEAM = 5ZAKMBTJ2P;
				INFOPLIST_FILE = "swift-template/Info.plist";
				LD_RUNPATH_SEARCH_PATHS = "$(inherited) @executable_path/Frameworks";
				PRODUCT_BUNDLE_IDENTIFIER = "com.laputa.swift-template";
				PRODUCT_NAME = "$(TARGET_NAME)";
				SWIFT_VERSION = 3.0;
			};
			name = Release;
		};
		E3815F361EA06525003E6BB7 /* Debug */ = {
			isa = XCBuildConfiguration;
			baseConfigurationReference = 66E8F569577ED18A9FBDAE7A /* Pods-swift-templateTests.debug.xcconfig */;
			buildSettings = {
				ALWAYS_EMBED_SWIFT_STANDARD_LIBRARIES = YES;
				BUNDLE_LOADER = "$(TEST_HOST)";
				DEVELOPMENT_TEAM = 5ZAKMBTJ2P;
				INFOPLIST_FILE = "swift-templateTests/Info.plist";
				LD_RUNPATH_SEARCH_PATHS = "$(inherited) @executable_path/Frameworks @loader_path/Frameworks";
				PRODUCT_BUNDLE_IDENTIFIER = "com.laputa.swift-templateTests";
				PRODUCT_NAME = "$(TARGET_NAME)";
				SWIFT_VERSION = 3.0;
				TEST_HOST = "$(BUILT_PRODUCTS_DIR)/swift-template.app/swift-template";
			};
			name = Debug;
		};
		E3815F371EA06525003E6BB7 /* Release */ = {
			isa = XCBuildConfiguration;
			baseConfigurationReference = E3CCE167CB47125208392793 /* Pods-swift-templateTests.release.xcconfig */;
			buildSettings = {
				ALWAYS_EMBED_SWIFT_STANDARD_LIBRARIES = YES;
				BUNDLE_LOADER = "$(TEST_HOST)";
				DEVELOPMENT_TEAM = 5ZAKMBTJ2P;
				INFOPLIST_FILE = "swift-templateTests/Info.plist";
				LD_RUNPATH_SEARCH_PATHS = "$(inherited) @executable_path/Frameworks @loader_path/Frameworks";
				PRODUCT_BUNDLE_IDENTIFIER = "com.laputa.swift-templateTests";
				PRODUCT_NAME = "$(TARGET_NAME)";
				SWIFT_VERSION = 3.0;
				TEST_HOST = "$(BUILT_PRODUCTS_DIR)/swift-template.app/swift-template";
			};
			name = Release;
		};
		E3815F391EA06525003E6BB7 /* Debug */ = {
			isa = XCBuildConfiguration;
			baseConfigurationReference = F3E363D720F3923D20DE9CA9 /* Pods-swift-templateUITests.debug.xcconfig */;
			buildSettings = {
				ALWAYS_EMBED_SWIFT_STANDARD_LIBRARIES = YES;
				DEVELOPMENT_TEAM = 5ZAKMBTJ2P;
				INFOPLIST_FILE = "swift-templateUITests/Info.plist";
				LD_RUNPATH_SEARCH_PATHS = "$(inherited) @executable_path/Frameworks @loader_path/Frameworks";
				PRODUCT_BUNDLE_IDENTIFIER = "com.laputa.swift-templateUITests";
				PRODUCT_NAME = "$(TARGET_NAME)";
				SWIFT_VERSION = 3.0;
				TEST_TARGET_NAME = "swift-template";
			};
			name = Debug;
		};
		E3815F3A1EA06525003E6BB7 /* Release */ = {
			isa = XCBuildConfiguration;
			baseConfigurationReference = 41B1F2988A3DC5D8A7406215 /* Pods-swift-templateUITests.release.xcconfig */;
			buildSettings = {
				ALWAYS_EMBED_SWIFT_STANDARD_LIBRARIES = YES;
				DEVELOPMENT_TEAM = 5ZAKMBTJ2P;
				INFOPLIST_FILE = "swift-templateUITests/Info.plist";
				LD_RUNPATH_SEARCH_PATHS = "$(inherited) @executable_path/Frameworks @loader_path/Frameworks";
				PRODUCT_BUNDLE_IDENTIFIER = "com.laputa.swift-templateUITests";
				PRODUCT_NAME = "$(TARGET_NAME)";
				SWIFT_VERSION = 3.0;
				TEST_TARGET_NAME = "swift-template";
			};
			name = Release;
		};
/* End XCBuildConfiguration section */

/* Begin XCConfigurationList section */
		E3815F021EA06525003E6BB7 /* Build configuration list for PBXProject "swift-template" */ = {
			isa = XCConfigurationList;
			buildConfigurations = (
				E3815F301EA06525003E6BB7 /* Debug */,
				E3815F311EA06525003E6BB7 /* Release */,
			);
			defaultConfigurationIsVisible = 0;
			defaultConfigurationName = Release;
		};
		E3815F321EA06525003E6BB7 /* Build configuration list for PBXNativeTarget "swift-template" */ = {
			isa = XCConfigurationList;
			buildConfigurations = (
				E3815F331EA06525003E6BB7 /* Debug */,
				E3815F341EA06525003E6BB7 /* Release */,
			);
			defaultConfigurationIsVisible = 0;
		};
		E3815F351EA06525003E6BB7 /* Build configuration list for PBXNativeTarget "swift-templateTests" */ = {
			isa = XCConfigurationList;
			buildConfigurations = (
				E3815F361EA06525003E6BB7 /* Debug */,
				E3815F371EA06525003E6BB7 /* Release */,
			);
			defaultConfigurationIsVisible = 0;
		};
		E3815F381EA06525003E6BB7 /* Build configuration list for PBXNativeTarget "swift-templateUITests" */ = {
			isa = XCConfigurationList;
			buildConfigurations = (
				E3815F391EA06525003E6BB7 /* Debug */,
				E3815F3A1EA06525003E6BB7 /* Release */,
			);
			defaultConfigurationIsVisible = 0;
		};
/* End XCConfigurationList section */

/* Begin XCVersionGroup section */
		E3815F111EA06525003E6BB7 /* swift_template.xcdatamodeld */ = {
			isa = XCVersionGroup;
			children = (
				E3815F121EA06525003E6BB7 /* swift_template.xcdatamodel */,
			);
			currentVersion = E3815F121EA06525003E6BB7 /* swift_template.xcdatamodel */;
			path = swift_template.xcdatamodeld;
			sourceTree = "<group>";
			versionGroupType = wrapper.xcdatamodel;
		};
/* End XCVersionGroup section */
	};
	rootObject = E3815EFF1EA06525003E6BB7 /* Project object */;
}
